// !$*UTF8*$!
{
	archiveVersion = 1;
	classes = {
	};
	objectVersion = 50;
	objects = {

/* Begin PBXBuildFile section */
		041397972575065B00E5CFDA /* AppDelegate.swift in Sources */ = {isa = PBXBuildFile; fileRef = 041397962575065B00E5CFDA /* AppDelegate.swift */; };
		041397992575065B00E5CFDA /* SceneDelegate.swift in Sources */ = {isa = PBXBuildFile; fileRef = 041397982575065B00E5CFDA /* SceneDelegate.swift */; };
		0413979B2575065B00E5CFDA /* ViewController.swift in Sources */ = {isa = PBXBuildFile; fileRef = 0413979A2575065B00E5CFDA /* ViewController.swift */; };
		0413979E2575065B00E5CFDA /* Main.storyboard in Resources */ = {isa = PBXBuildFile; fileRef = 0413979C2575065B00E5CFDA /* Main.storyboard */; };
		041397A02575065E00E5CFDA /* Assets.xcassets in Resources */ = {isa = PBXBuildFile; fileRef = 0413979F2575065E00E5CFDA /* Assets.xcassets */; };
		041397A32575065E00E5CFDA /* LaunchScreen.storyboard in Resources */ = {isa = PBXBuildFile; fileRef = 041397A12575065E00E5CFDA /* LaunchScreen.storyboard */; };
		041397AC2575586300E5CFDA /* Constants.swift in Sources */ = {isa = PBXBuildFile; fileRef = 041397AB2575586300E5CFDA /* Constants.swift */; };
		041397AF25755DB800E5CFDA /* Video.swift in Sources */ = {isa = PBXBuildFile; fileRef = 041397AE25755DB800E5CFDA /* Video.swift */; };
		041397B2257561A500E5CFDA /* Model.swift in Sources */ = {isa = PBXBuildFile; fileRef = 041397B1257561A500E5CFDA /* Model.swift */; };
		041397B525756C6F00E5CFDA /* ConstantsTemplate.swift in Sources */ = {isa = PBXBuildFile; fileRef = 041397B425756C6F00E5CFDA /* ConstantsTemplate.swift */; };
/* End PBXBuildFile section */

/* Begin PBXFileReference section */
		041397932575065B00E5CFDA /* youtube-oneDayBuild.app */ = {isa = PBXFileReference; explicitFileType = wrapper.application; includeInIndex = 0; path = "youtube-oneDayBuild.app"; sourceTree = BUILT_PRODUCTS_DIR; };
		041397962575065B00E5CFDA /* AppDelegate.swift */ = {isa = PBXFileReference; lastKnownFileType = sourcecode.swift; path = AppDelegate.swift; sourceTree = "<group>"; };
		041397982575065B00E5CFDA /* SceneDelegate.swift */ = {isa = PBXFileReference; lastKnownFileType = sourcecode.swift; path = SceneDelegate.swift; sourceTree = "<group>"; };
		0413979A2575065B00E5CFDA /* ViewController.swift */ = {isa = PBXFileReference; lastKnownFileType = sourcecode.swift; path = ViewController.swift; sourceTree = "<group>"; };
		0413979D2575065B00E5CFDA /* Base */ = {isa = PBXFileReference; lastKnownFileType = file.storyboard; name = Base; path = Base.lproj/Main.storyboard; sourceTree = "<group>"; };
		0413979F2575065E00E5CFDA /* Assets.xcassets */ = {isa = PBXFileReference; lastKnownFileType = folder.assetcatalog; path = Assets.xcassets; sourceTree = "<group>"; };
		041397A22575065E00E5CFDA /* Base */ = {isa = PBXFileReference; lastKnownFileType = file.storyboard; name = Base; path = Base.lproj/LaunchScreen.storyboard; sourceTree = "<group>"; };
		041397A42575065E00E5CFDA /* Info.plist */ = {isa = PBXFileReference; lastKnownFileType = text.plist.xml; path = Info.plist; sourceTree = "<group>"; };
		041397AB2575586300E5CFDA /* Constants.swift */ = {isa = PBXFileReference; lastKnownFileType = sourcecode.swift; path = Constants.swift; sourceTree = "<group>"; };
		041397AE25755DB800E5CFDA /* Video.swift */ = {isa = PBXFileReference; lastKnownFileType = sourcecode.swift; path = Video.swift; sourceTree = "<group>"; };
		041397B1257561A500E5CFDA /* Model.swift */ = {isa = PBXFileReference; lastKnownFileType = sourcecode.swift; path = Model.swift; sourceTree = "<group>"; };
		041397B425756C6F00E5CFDA /* ConstantsTemplate.swift */ = {isa = PBXFileReference; lastKnownFileType = sourcecode.swift; path = ConstantsTemplate.swift; sourceTree = "<group>"; };
/* End PBXFileReference section */

/* Begin PBXFrameworksBuildPhase section */
		041397902575065A00E5CFDA /* Frameworks */ = {
			isa = PBXFrameworksBuildPhase;
			buildActionMask = 2147483647;
			files = (
			);
			runOnlyForDeploymentPostprocessing = 0;
		};
/* End PBXFrameworksBuildPhase section */

/* Begin PBXGroup section */
		0413978A2575065A00E5CFDA = {
			isa = PBXGroup;
			children = (
				041397952575065B00E5CFDA /* youtube-oneDayBuild */,
				041397942575065B00E5CFDA /* Products */,
			);
			sourceTree = "<group>";
		};
		041397942575065B00E5CFDA /* Products */ = {
			isa = PBXGroup;
			children = (
				041397932575065B00E5CFDA /* youtube-oneDayBuild.app */,
			);
			name = Products;
			sourceTree = "<group>";
		};
		041397952575065B00E5CFDA /* youtube-oneDayBuild */ = {
			isa = PBXGroup;
			children = (
				041397962575065B00E5CFDA /* AppDelegate.swift */,
				041397982575065B00E5CFDA /* SceneDelegate.swift */,
				0413979A2575065B00E5CFDA /* ViewController.swift */,
				0413979C2575065B00E5CFDA /* Main.storyboard */,
				0413979F2575065E00E5CFDA /* Assets.xcassets */,
				041397A12575065E00E5CFDA /* LaunchScreen.storyboard */,
				041397A42575065E00E5CFDA /* Info.plist */,
				041397AB2575586300E5CFDA /* Constants.swift */,
				041397AE25755DB800E5CFDA /* Video.swift */,
				041397B1257561A500E5CFDA /* Model.swift */,
				041397B425756C6F00E5CFDA /* ConstantsTemplate.swift */,
			);
			path = "youtube-oneDayBuild";
			sourceTree = "<group>";
		};
/* End PBXGroup section */

/* Begin PBXNativeTarget section */
		041397922575065A00E5CFDA /* youtube-oneDayBuild */ = {
			isa = PBXNativeTarget;
			buildConfigurationList = 041397A72575065E00E5CFDA /* Build configuration list for PBXNativeTarget "youtube-oneDayBuild" */;
			buildPhases = (
				0413978F2575065A00E5CFDA /* Sources */,
				041397902575065A00E5CFDA /* Frameworks */,
				041397912575065A00E5CFDA /* Resources */,
			);
			buildRules = (
			);
			dependencies = (
			);
			name = "youtube-oneDayBuild";
			productName = "youtube-oneDayBuild";
			productReference = 041397932575065B00E5CFDA /* youtube-oneDayBuild.app */;
			productType = "com.apple.product-type.application";
		};
/* End PBXNativeTarget section */

/* Begin PBXProject section */
		0413978B2575065A00E5CFDA /* Project object */ = {
			isa = PBXProject;
			attributes = {
				LastSwiftUpdateCheck = 1220;
				LastUpgradeCheck = 1220;
				TargetAttributes = {
					041397922575065A00E5CFDA = {
						CreatedOnToolsVersion = 12.2;
					};
				};
			};
			buildConfigurationList = 0413978E2575065A00E5CFDA /* Build configuration list for PBXProject "youtube-oneDayBuild" */;
			compatibilityVersion = "Xcode 9.3";
			developmentRegion = en;
			hasScannedForEncodings = 0;
			knownRegions = (
				en,
				Base,
			);
			mainGroup = 0413978A2575065A00E5CFDA;
			productRefGroup = 041397942575065B00E5CFDA /* Products */;
			projectDirPath = "";
			projectRoot = "";
			targets = (
				041397922575065A00E5CFDA /* youtube-oneDayBuild */,
			);
		};
/* End PBXProject section */

/* Begin PBXResourcesBuildPhase section */
		041397912575065A00E5CFDA /* Resources */ = {
			isa = PBXResourcesBuildPhase;
			buildActionMask = 2147483647;
			files = (
				041397A32575065E00E5CFDA /* LaunchScreen.storyboard in Resources */,
				041397A02575065E00E5CFDA /* Assets.xcassets in Resources */,
				0413979E2575065B00E5CFDA /* Main.storyboard in Resources */,
			);
			runOnlyForDeploymentPostprocessing = 0;
		};
/* End PBXResourcesBuildPhase section */

/* Begin PBXSourcesBuildPhase section */
		0413978F2575065A00E5CFDA /* Sources */ = {
			isa = PBXSourcesBuildPhase;
			buildActionMask = 2147483647;
			files = (
				041397B525756C6F00E5CFDA /* ConstantsTemplate.swift in Sources */,
				0413979B2575065B00E5CFDA /* ViewController.swift in Sources */,
				041397972575065B00E5CFDA /* AppDelegate.swift in Sources */,
				041397992575065B00E5CFDA /* SceneDelegate.swift in Sources */,
				041397B2257561A500E5CFDA /* Model.swift in Sources */,
				041397AC2575586300E5CFDA /* Constants.swift in Sources */,
				041397AF25755DB800E5CFDA /* Video.swift in Sources */,
			);
			runOnlyForDeploymentPostprocessing = 0;
		};
/* End PBXSourcesBuildPhase section */

/* Begin PBXVariantGroup section */
		0413979C2575065B00E5CFDA /* Main.storyboard */ = {
			isa = PBXVariantGroup;
			children = (
				0413979D2575065B00E5CFDA /* Base */,
			);
			name = Main.storyboard;
			sourceTree = "<group>";
		};
		041397A12575065E00E5CFDA /* LaunchScreen.storyboard */ = {
			isa = PBXVariantGroup;
			children = (
				041397A22575065E00E5CFDA /* Base */,
			);
			name = LaunchScreen.storyboard;
			sourceTree = "<group>";
		};
/* End PBXVariantGroup section */

/* Begin XCBuildConfiguration section */
		041397A52575065E00E5CFDA /* Debug */ = {
			isa = XCBuildConfiguration;
			buildSettings = {
				ALWAYS_SEARCH_USER_PATHS = NO;
				CLANG_ANALYZER_NONNULL = YES;
				CLANG_ANALYZER_NUMBER_OBJECT_CONVERSION = YES_AGGRESSIVE;
				CLANG_CXX_LANGUAGE_STANDARD = "gnu++14";
				CLANG_CXX_LIBRARY = "libc++";
				CLANG_ENABLE_MODULES = YES;
				CLANG_ENABLE_OBJC_ARC = YES;
				CLANG_ENABLE_OBJC_WEAK = YES;
				CLANG_WARN_BLOCK_CAPTURE_AUTORELEASING = YES;
				CLANG_WARN_BOOL_CONVERSION = YES;
				CLANG_WARN_COMMA = YES;
				CLANG_WARN_CONSTANT_CONVERSION = YES;
				CLANG_WARN_DEPRECATED_OBJC_IMPLEMENTATIONS = YES;
				CLANG_WARN_DIRECT_OBJC_ISA_USAGE = YES_ERROR;
				CLANG_WARN_DOCUMENTATION_COMMENTS = YES;
				CLANG_WARN_EMPTY_BODY = YES;
				CLANG_WARN_ENUM_CONVERSION = YES;
				CLANG_WARN_INFINITE_RECURSION = YES;
				CLANG_WARN_INT_CONVERSION = YES;
				CLANG_WARN_NON_LITERAL_NULL_CONVERSION = YES;
				CLANG_WARN_OBJC_IMPLICIT_RETAIN_SELF = YES;
				CLANG_WARN_OBJC_LITERAL_CONVERSION = YES;
				CLANG_WARN_OBJC_ROOT_CLASS = YES_ERROR;
				CLANG_WARN_QUOTED_INCLUDE_IN_FRAMEWORK_HEADER = YES;
				CLANG_WARN_RANGE_LOOP_ANALYSIS = YES;
				CLANG_WARN_STRICT_PROTOTYPES = YES;
				CLANG_WARN_SUSPICIOUS_MOVE = YES;
				CLANG_WARN_UNGUARDED_AVAILABILITY = YES_AGGRESSIVE;
				CLANG_WARN_UNREACHABLE_CODE = YES;
				CLANG_WARN__DUPLICATE_METHOD_MATCH = YES;
				COPY_PHASE_STRIP = NO;
				DEBUG_INFORMATION_FORMAT = dwarf;
				ENABLE_STRICT_OBJC_MSGSEND = YES;
				ENABLE_TESTABILITY = YES;
				GCC_C_LANGUAGE_STANDARD = gnu11;
				GCC_DYNAMIC_NO_PIC = NO;
				GCC_NO_COMMON_BLOCKS = YES;
				GCC_OPTIMIZATION_LEVEL = 0;
				GCC_PREPROCESSOR_DEFINITIONS = (
					"DEBUG=1",
					"$(inherited)",
				);
				GCC_WARN_64_TO_32_BIT_CONVERSION = YES;
				GCC_WARN_ABOUT_RETURN_TYPE = YES_ERROR;
				GCC_WARN_UNDECLARED_SELECTOR = YES;
				GCC_WARN_UNINITIALIZED_AUTOS = YES_AGGRESSIVE;
				GCC_WARN_UNUSED_FUNCTION = YES;
				GCC_WARN_UNUSED_VARIABLE = YES;
				IPHONEOS_DEPLOYMENT_TARGET = 14.2;
				MTL_ENABLE_DEBUG_INFO = INCLUDE_SOURCE;
				MTL_FAST_MATH = YES;
				ONLY_ACTIVE_ARCH = YES;
				SDKROOT = iphoneos;
				SWIFT_ACTIVE_COMPILATION_CONDITIONS = DEBUG;
				SWIFT_OPTIMIZATION_LEVEL = "-Onone";
			};
			name = Debug;
		};
		041397A62575065E00E5CFDA /* Release */ = {
			isa = XCBuildConfiguration;
			buildSettings = {
				ALWAYS_SEARCH_USER_PATHS = NO;
				CLANG_ANALYZER_NONNULL = YES;
				CLANG_ANALYZER_NUMBER_OBJECT_CONVERSION = YES_AGGRESSIVE;
				CLANG_CXX_LANGUAGE_STANDARD = "gnu++14";
				CLANG_CXX_LIBRARY = "libc++";
				CLANG_ENABLE_MODULES = YES;
				CLANG_ENABLE_OBJC_ARC = YES;
				CLANG_ENABLE_OBJC_WEAK = YES;
				CLANG_WARN_BLOCK_CAPTURE_AUTORELEASING = YES;
				CLANG_WARN_BOOL_CONVERSION = YES;
				CLANG_WARN_COMMA = YES;
				CLANG_WARN_CONSTANT_CONVERSION = YES;
				CLANG_WARN_DEPRECATED_OBJC_IMPLEMENTATIONS = YES;
				CLANG_WARN_DIRECT_OBJC_ISA_USAGE = YES_ERROR;
				CLANG_WARN_DOCUMENTATION_COMMENTS = YES;
				CLANG_WARN_EMPTY_BODY = YES;
				CLANG_WARN_ENUM_CONVERSION = YES;
				CLANG_WARN_INFINITE_RECURSION = YES;
				CLANG_WARN_INT_CONVERSION = YES;
				CLANG_WARN_NON_LITERAL_NULL_CONVERSION = YES;
				CLANG_WARN_OBJC_IMPLICIT_RETAIN_SELF = YES;
				CLANG_WARN_OBJC_LITERAL_CONVERSION = YES;
				CLANG_WARN_OBJC_ROOT_CLASS = YES_ERROR;
				CLANG_WARN_QUOTED_INCLUDE_IN_FRAMEWORK_HEADER = YES;
				CLANG_WARN_RANGE_LOOP_ANALYSIS = YES;
				CLANG_WARN_STRICT_PROTOTYPES = YES;
				CLANG_WARN_SUSPICIOUS_MOVE = YES;
				CLANG_WARN_UNGUARDED_AVAILABILITY = YES_AGGRESSIVE;
				CLANG_WARN_UNREACHABLE_CODE = YES;
				CLANG_WARN__DUPLICATE_METHOD_MATCH = YES;
				COPY_PHASE_STRIP = NO;
				DEBUG_INFORMATION_FORMAT = "dwarf-with-dsym";
				ENABLE_NS_ASSERTIONS = NO;
				ENABLE_STRICT_OBJC_MSGSEND = YES;
				GCC_C_LANGUAGE_STANDARD = gnu11;
				GCC_NO_COMMON_BLOCKS = YES;
				GCC_WARN_64_TO_32_BIT_CONVERSION = YES;
				GCC_WARN_ABOUT_RETURN_TYPE = YES_ERROR;
				GCC_WARN_UNDECLARED_SELECTOR = YES;
				GCC_WARN_UNINITIALIZED_AUTOS = YES_AGGRESSIVE;
				GCC_WARN_UNUSED_FUNCTION = YES;
				GCC_WARN_UNUSED_VARIABLE = YES;
				IPHONEOS_DEPLOYMENT_TARGET = 14.2;
				MTL_ENABLE_DEBUG_INFO = NO;
				MTL_FAST_MATH = YES;
				SDKROOT = iphoneos;
				SWIFT_COMPILATION_MODE = wholemodule;
				SWIFT_OPTIMIZATION_LEVEL = "-O";
				VALIDATE_PRODUCT = YES;
			};
			name = Release;
		};
		041397A82575065E00E5CFDA /* Debug */ = {
			isa = XCBuildConfiguration;
			buildSettings = {
				ASSETCATALOG_COMPILER_APPICON_NAME = AppIcon;
				ASSETCATALOG_COMPILER_GLOBAL_ACCENT_COLOR_NAME = AccentColor;
				CODE_SIGN_STYLE = Automatic;
				DEVELOPMENT_TEAM = X4YJD44L6V;
				INFOPLIST_FILE = "youtube-oneDayBuild/Info.plist";
				LD_RUNPATH_SEARCH_PATHS = (
					"$(inherited)",
					"@executable_path/Frameworks",
				);
				PRODUCT_BUNDLE_IDENTIFIER = "AlexPar.youtube-oneDayBuild";
				PRODUCT_NAME = "$(TARGET_NAME)";
				SWIFT_VERSION = 5.0;
				TARGETED_DEVICE_FAMILY = "1,2";
			};
			name = Debug;
		};
		041397A92575065E00E5CFDA /* Release */ = {
			isa = XCBuildConfiguration;
			buildSettings = {
				ASSETCATALOG_COMPILER_APPICON_NAME = AppIcon;
				ASSETCATALOG_COMPILER_GLOBAL_ACCENT_COLOR_NAME = AccentColor;
				CODE_SIGN_STYLE = Automatic;
				DEVELOPMENT_TEAM = X4YJD44L6V;
				INFOPLIST_FILE = "youtube-oneDayBuild/Info.plist";
				LD_RUNPATH_SEARCH_PATHS = (
					"$(inherited)",
					"@executable_path/Frameworks",
				);
				PRODUCT_BUNDLE_IDENTIFIER = "AlexPar.youtube-oneDayBuild";
				PRODUCT_NAME = "$(TARGET_NAME)";
				SWIFT_VERSION = 5.0;
				TARGETED_DEVICE_FAMILY = "1,2";
			};
			name = Release;
		};
/* End XCBuildConfiguration section */

/* Begin XCConfigurationList section */
		0413978E2575065A00E5CFDA /* Build configuration list for PBXProject "youtube-oneDayBuild" */ = {
			isa = XCConfigurationList;
			buildConfigurations = (
				041397A52575065E00E5CFDA /* Debug */,
				041397A62575065E00E5CFDA /* Release */,
			);
			defaultConfigurationIsVisible = 0;
			defaultConfigurationName = Release;
		};
		041397A72575065E00E5CFDA /* Build configuration list for PBXNativeTarget "youtube-oneDayBuild" */ = {
			isa = XCConfigurationList;
			buildConfigurations = (
				041397A82575065E00E5CFDA /* Debug */,
				041397A92575065E00E5CFDA /* Release */,
			);
			defaultConfigurationIsVisible = 0;
			defaultConfigurationName = Release;
		};
/* End XCConfigurationList section */
	};
	rootObject = 0413978B2575065A00E5CFDA /* Project object */;
}
